
Microsoft Visual Studio Solution File, Format Version 12.00
# Visual Studio Version 17
VisualStudioVersion = 17.0.31903.59
MinimumVisualStudioVersion = 10.0.40219.1
Project("{8BC9CEB8-8B4A-11D0-8D11-00A0C91BC942}") = "ModulesAndFiles", "ModulesAndFiles\ModulesAndFiles.vcxproj", "{F910CB18-B12F-48C3-91C1-C176E8186A67}"
EndProject
Global
	GlobalSection(SolutionConfigurationPlatforms) = preSolution
		Debug|x64 = Debug|x64
		Debug|x86 = Debug|x86
		Release|x64 = Release|x64
		Release|x86 = Release|x86
	EndGlobalSection
	GlobalSection(ProjectConfigurationPlatforms) = postSolution
		{F910CB18-B12F-48C3-91C1-C176E8186A67}.Debug|x64.ActiveCfg = Debug|x64
		{F910CB18-B12F-48C3-91C1-C176E8186A67}.Debug|x64.Build.0 = Debug|x64
		{F910CB18-B12F-48C3-91C1-C176E8186A67}.Debug|x86.ActiveCfg = Debug|Win32
		{F910CB18-B12F-48C3-91C1-C176E8186A67}.Debug|x86.Build.0 = Debug|Win32
		{F910CB18-B12F-48C3-91C1-C176E8186A67}.Release|x64.ActiveCfg = Release|x64
		{F910CB18-B12F-48C3-91C1-C176E8186A67}.Release|x64.Build.0 = Release|x64
		{F910CB18-B12F-48C3-91C1-C176E8186A67}.Release|x86.ActiveCfg = Release|Win32
		{F910CB18-B12F-48C3-91C1-C176E8186A67}.Release|x86.Build.0 = Release|Win32
	EndGlobalSection
	GlobalSection(SolutionProperties) = preSolution
		HideSolutionNode = FALSE
	EndGlobalSection
	GlobalSection(ExtensibilityGlobals) = postSolution
		SolutionGuid = {DF7A1A1E-1591-49A7-8588-1DBBAB542E29}
	EndGlobalSection
EndGlobal
