
Microsoft Visual Studio Solution File, Format Version 12.00
# Visual Studio Version 17
VisualStudioVersion = 17.0.31903.59
MinimumVisualStudioVersion = 10.0.40219.1
Project("{8BC9CEB8-8B4A-11D0-8D11-00A0C91BC942}") = "secondTask", "secondTask\secondTask.vcxproj", "{445E5F6E-C6A8-4B4E-B14C-0B4879144302}"
EndProject
Global
	GlobalSection(SolutionConfigurationPlatforms) = preSolution
		Debug|x64 = Debug|x64
		Debug|x86 = Debug|x86
		Release|x64 = Release|x64
		Release|x86 = Release|x86
	EndGlobalSection
	GlobalSection(ProjectConfigurationPlatforms) = postSolution
		{445E5F6E-C6A8-4B4E-B14C-0B4879144302}.Debug|x64.ActiveCfg = Debug|x64
		{445E5F6E-C6A8-4B4E-B14C-0B4879144302}.Debug|x64.Build.0 = Debug|x64
		{445E5F6E-C6A8-4B4E-B14C-0B4879144302}.Debug|x86.ActiveCfg = Debug|Win32
		{445E5F6E-C6A8-4B4E-B14C-0B4879144302}.Debug|x86.Build.0 = Debug|Win32
		{445E5F6E-C6A8-4B4E-B14C-0B4879144302}.Release|x64.ActiveCfg = Release|x64
		{445E5F6E-C6A8-4B4E-B14C-0B4879144302}.Release|x64.Build.0 = Release|x64
		{445E5F6E-C6A8-4B4E-B14C-0B4879144302}.Release|x86.ActiveCfg = Release|Win32
		{445E5F6E-C6A8-4B4E-B14C-0B4879144302}.Release|x86.Build.0 = Release|Win32
	EndGlobalSection
	GlobalSection(SolutionProperties) = preSolution
		HideSolutionNode = FALSE
	EndGlobalSection
	GlobalSection(ExtensibilityGlobals) = postSolution
		SolutionGuid = {5A2201CE-EEEF-4D03-B86E-D9912CA162B5}
	EndGlobalSection
EndGlobal
